
Microsoft Visual Studio Solution File, Format Version 12.00
# Visual Studio Version 16
VisualStudioVersion = 16.0.30621.155
MinimumVisualStudioVersion = 10.0.40219.1
Project("{FAE04EC0-301F-11D3-BF4B-00C04F79EFBC}") = "SaveUnpacker", "SaveUnpacker\SaveUnpacker.csproj", "{256594EB-56E2-4082-ADA5-5CB6B0B2C78C}"
EndProject
Project("{FAE04EC0-301F-11D3-BF4B-00C04F79EFBC}") = "ThomasJepp.StarLancer", "ThomasJepp.StarLancer\ThomasJepp.StarLancer.csproj", "{82598454-3FDF-40AB-9478-7E2B53E25790}"
EndProject
Project("{FAE04EC0-301F-11D3-BF4B-00C04F79EFBC}") = "Decompress", "Decompress\Decompress.csproj", "{094AF1F8-01D3-4376-B56C-F8F167B05E1D}"
EndProject
Project("{FAE04EC0-301F-11D3-BF4B-00C04F79EFBC}") = "ShipDataParser", "ShipDataParser\ShipDataParser.csproj", "{3A555AC4-965C-4DF1-8B5C-CC44CF9C10A0}"
EndProject
Project("{FAE04EC0-301F-11D3-BF4B-00C04F79EFBC}") = "MissionParser", "MissionParser\MissionParser.csproj", "{99720542-E2B4-458C-839E-FEB0EE02BDAF}"
EndProject
Global
	GlobalSection(SolutionConfigurationPlatforms) = preSolution
		Debug|Any CPU = Debug|Any CPU
		Release|Any CPU = Release|Any CPU
	EndGlobalSection
	GlobalSection(ProjectConfigurationPlatforms) = postSolution
		{256594EB-56E2-4082-ADA5-5CB6B0B2C78C}.Debug|Any CPU.ActiveCfg = Debug|Any CPU
		{256594EB-56E2-4082-ADA5-5CB6B0B2C78C}.Debug|Any CPU.Build.0 = Debug|Any CPU
		{256594EB-56E2-4082-ADA5-5CB6B0B2C78C}.Release|Any CPU.ActiveCfg = Release|Any CPU
		{256594EB-56E2-4082-ADA5-5CB6B0B2C78C}.Release|Any CPU.Build.0 = Release|Any CPU
		{82598454-3FDF-40AB-9478-7E2B53E25790}.Debug|Any CPU.ActiveCfg = Debug|Any CPU
		{82598454-3FDF-40AB-9478-7E2B53E25790}.Debug|Any CPU.Build.0 = Debug|Any CPU
		{82598454-3FDF-40AB-9478-7E2B53E25790}.Release|Any CPU.ActiveCfg = Release|Any CPU
		{82598454-3FDF-40AB-9478-7E2B53E25790}.Release|Any CPU.Build.0 = Release|Any CPU
		{094AF1F8-01D3-4376-B56C-F8F167B05E1D}.Debug|Any CPU.ActiveCfg = Debug|Any CPU
		{094AF1F8-01D3-4376-B56C-F8F167B05E1D}.Debug|Any CPU.Build.0 = Debug|Any CPU
		{094AF1F8-01D3-4376-B56C-F8F167B05E1D}.Release|Any CPU.ActiveCfg = Release|Any CPU
		{094AF1F8-01D3-4376-B56C-F8F167B05E1D}.Release|Any CPU.Build.0 = Release|Any CPU
		{3A555AC4-965C-4DF1-8B5C-CC44CF9C10A0}.Debug|Any CPU.ActiveCfg = Debug|Any CPU
		{3A555AC4-965C-4DF1-8B5C-CC44CF9C10A0}.Debug|Any CPU.Build.0 = Debug|Any CPU
		{3A555AC4-965C-4DF1-8B5C-CC44CF9C10A0}.Release|Any CPU.ActiveCfg = Release|Any CPU
		{3A555AC4-965C-4DF1-8B5C-CC44CF9C10A0}.Release|Any CPU.Build.0 = Release|Any CPU
		{99720542-E2B4-458C-839E-FEB0EE02BDAF}.Debug|Any CPU.ActiveCfg = Debug|Any CPU
		{99720542-E2B4-458C-839E-FEB0EE02BDAF}.Debug|Any CPU.Build.0 = Debug|Any CPU
		{99720542-E2B4-458C-839E-FEB0EE02BDAF}.Release|Any CPU.ActiveCfg = Release|Any CPU
		{99720542-E2B4-458C-839E-FEB0EE02BDAF}.Release|Any CPU.Build.0 = Release|Any CPU
	EndGlobalSection
	GlobalSection(SolutionProperties) = preSolution
		HideSolutionNode = FALSE
	EndGlobalSection
	GlobalSection(ExtensibilityGlobals) = postSolution
		SolutionGuid = {BB91FBBE-B17C-4B58-903E-2158F49F9049}
	EndGlobalSection
EndGlobal
